
Microsoft Visual Studio Solution File, Format Version 12.00
# Visual Studio Version 17
VisualStudioVersion = 17.14.36121.58
MinimumVisualStudioVersion = 10.0.40219.1
Project("{FAE04EC0-301F-11D3-BF4B-00C04F79EFBC}") = "6_TRPO", "6_TRPO.csproj", "{C19B3FFA-0D72-42B6-8440-386FC30B3AF5}"
EndProject
Project("{FAE04EC0-301F-11D3-BF4B-00C04F79EFBC}") = "dop", "..\dop\dop.csproj", "{E9EF963B-0014-48AD-A70E-F40EBEB0C0F7}"
EndProject
Global
	GlobalSection(SolutionConfigurationPlatforms) = preSolution
		Debug|Any CPU = Debug|Any CPU
		Release|Any CPU = Release|Any CPU
	EndGlobalSection
	GlobalSection(ProjectConfigurationPlatforms) = postSolution
		{C19B3FFA-0D72-42B6-8440-386FC30B3AF5}.Debug|Any CPU.ActiveCfg = Debug|Any CPU
		{C19B3FFA-0D72-42B6-8440-386FC30B3AF5}.Debug|Any CPU.Build.0 = Debug|Any CPU
		{C19B3FFA-0D72-42B6-8440-386FC30B3AF5}.Release|Any CPU.ActiveCfg = Release|Any CPU
		{C19B3FFA-0D72-42B6-8440-386FC30B3AF5}.Release|Any CPU.Build.0 = Release|Any CPU
		{E9EF963B-0014-48AD-A70E-F40EBEB0C0F7}.Debug|Any CPU.ActiveCfg = Debug|Any CPU
		{E9EF963B-0014-48AD-A70E-F40EBEB0C0F7}.Debug|Any CPU.Build.0 = Debug|Any CPU
		{E9EF963B-0014-48AD-A70E-F40EBEB0C0F7}.Release|Any CPU.ActiveCfg = Release|Any CPU
		{E9EF963B-0014-48AD-A70E-F40EBEB0C0F7}.Release|Any CPU.Build.0 = Release|Any CPU
	EndGlobalSection
	GlobalSection(SolutionProperties) = preSolution
		HideSolutionNode = FALSE
	EndGlobalSection
	GlobalSection(ExtensibilityGlobals) = postSolution
		SolutionGuid = {2E7C2C88-F0BE-4FB5-9220-2EE7EF7EA448}
	EndGlobalSection
EndGlobal
